
Microsoft Visual Studio Solution File, Format Version 11.00
# Visual Studio 2010
# SharpDevelop 5.1
Project("{FAE04EC0-301F-11D3-BF4B-00C04F79EFBC}") = "AsteriskApiTest", "AsteriskApiTest\AsteriskApiTest.csproj", "{FCB74B28-77DF-4365-BB79-B17DC6B6006C}"
EndProject
Global
	GlobalSection(SolutionConfigurationPlatforms) = preSolution
		Debug|Any CPU = Debug|Any CPU
		Release|Any CPU = Release|Any CPU
	EndGlobalSection
	GlobalSection(ProjectConfigurationPlatforms) = postSolution
		{FCB74B28-77DF-4365-BB79-B17DC6B6006C}.Debug|Any CPU.ActiveCfg = Debug|Any CPU
		{FCB74B28-77DF-4365-BB79-B17DC6B6006C}.Debug|Any CPU.Build.0 = Debug|Any CPU
		{FCB74B28-77DF-4365-BB79-B17DC6B6006C}.Release|Any CPU.ActiveCfg = Release|Any CPU
		{FCB74B28-77DF-4365-BB79-B17DC6B6006C}.Release|Any CPU.Build.0 = Release|Any CPU
	EndGlobalSection
EndGlobal
